// !$*UTF8*$!
{
	archiveVersion = 1;
	classes = {
	};
	objectVersion = 50;
	objects = {

/* Begin PBXBuildFile section */
		DD4BC66925CC668B009A851C /* AppDelegate.swift in Sources */ = {isa = PBXBuildFile; fileRef = DD4BC66825CC668B009A851C /* AppDelegate.swift */; };
		DD4BC66D25CC668B009A851C /* ViewController.swift in Sources */ = {isa = PBXBuildFile; fileRef = DD4BC66C25CC668B009A851C /* ViewController.swift */; };
		DD4BC67025CC668B009A851C /* Main.storyboard in Resources */ = {isa = PBXBuildFile; fileRef = DD4BC66E25CC668B009A851C /* Main.storyboard */; };
		DD4BC67225CC668F009A851C /* Assets.xcassets in Resources */ = {isa = PBXBuildFile; fileRef = DD4BC67125CC668F009A851C /* Assets.xcassets */; };
		DD4BC67525CC668F009A851C /* LaunchScreen.storyboard in Resources */ = {isa = PBXBuildFile; fileRef = DD4BC67325CC668F009A851C /* LaunchScreen.storyboard */; };
		DD4BC67E25CC66B9009A851C /* Drink.swift in Sources */ = {isa = PBXBuildFile; fileRef = DD4BC67D25CC66B9009A851C /* Drink.swift */; };
		DD4BC68225CC673D009A851C /* API.swift in Sources */ = {isa = PBXBuildFile; fileRef = DD4BC68125CC673D009A851C /* API.swift */; };
		DD4BC69E25CC75A8009A851C /* DrinksListingTableViewController.swift in Sources */ = {isa = PBXBuildFile; fileRef = DD4BC69D25CC75A8009A851C /* DrinksListingTableViewController.swift */; };
/* End PBXBuildFile section */

/* Begin PBXFileReference section */
		DD4BC66525CC668B009A851C /* Js Drinks.app */ = {isa = PBXFileReference; explicitFileType = wrapper.application; includeInIndex = 0; path = "Js Drinks.app"; sourceTree = BUILT_PRODUCTS_DIR; };
		DD4BC66825CC668B009A851C /* AppDelegate.swift */ = {isa = PBXFileReference; lastKnownFileType = sourcecode.swift; path = AppDelegate.swift; sourceTree = "<group>"; };
		DD4BC66C25CC668B009A851C /* ViewController.swift */ = {isa = PBXFileReference; lastKnownFileType = sourcecode.swift; path = ViewController.swift; sourceTree = "<group>"; };
		DD4BC66F25CC668B009A851C /* Base */ = {isa = PBXFileReference; lastKnownFileType = file.storyboard; name = Base; path = Base.lproj/Main.storyboard; sourceTree = "<group>"; };
		DD4BC67125CC668F009A851C /* Assets.xcassets */ = {isa = PBXFileReference; lastKnownFileType = folder.assetcatalog; path = Assets.xcassets; sourceTree = "<group>"; };
		DD4BC67425CC668F009A851C /* Base */ = {isa = PBXFileReference; lastKnownFileType = file.storyboard; name = Base; path = Base.lproj/LaunchScreen.storyboard; sourceTree = "<group>"; };
		DD4BC67625CC668F009A851C /* Info.plist */ = {isa = PBXFileReference; lastKnownFileType = text.plist.xml; path = Info.plist; sourceTree = "<group>"; };
		DD4BC67D25CC66B9009A851C /* Drink.swift */ = {isa = PBXFileReference; lastKnownFileType = sourcecode.swift; path = Drink.swift; sourceTree = "<group>"; };
		DD4BC68125CC673D009A851C /* API.swift */ = {isa = PBXFileReference; lastKnownFileType = sourcecode.swift; path = API.swift; sourceTree = "<group>"; };
		DD4BC69D25CC75A8009A851C /* DrinksListingTableViewController.swift */ = {isa = PBXFileReference; lastKnownFileType = sourcecode.swift; path = DrinksListingTableViewController.swift; sourceTree = "<group>"; };
/* End PBXFileReference section */

/* Begin PBXFrameworksBuildPhase section */
		DD4BC66225CC668B009A851C /* Frameworks */ = {
			isa = PBXFrameworksBuildPhase;
			buildActionMask = 2147483647;
			files = (
			);
			runOnlyForDeploymentPostprocessing = 0;
		};
/* End PBXFrameworksBuildPhase section */

/* Begin PBXGroup section */
		DD4BC65C25CC668B009A851C = {
			isa = PBXGroup;
			children = (
				DD4BC66725CC668B009A851C /* Js Drinks */,
				DD4BC66625CC668B009A851C /* Products */,
			);
			sourceTree = "<group>";
		};
		DD4BC66625CC668B009A851C /* Products */ = {
			isa = PBXGroup;
			children = (
				DD4BC66525CC668B009A851C /* Js Drinks.app */,
			);
			name = Products;
			sourceTree = "<group>";
		};
		DD4BC66725CC668B009A851C /* Js Drinks */ = {
			isa = PBXGroup;
			children = (
				DD4BC68A25CC67FA009A851C /* Model */,
				DD4BC68B25CC6801009A851C /* View */,
				DD4BC66E25CC668B009A851C /* Main.storyboard */,
				DD4BC68C25CC6807009A851C /* Controller */,
				DD4BC68D25CC6823009A851C /* Data */,
				DD4BC67625CC668F009A851C /* Info.plist */,
				DD4BC66825CC668B009A851C /* AppDelegate.swift */,
				DD4BC67325CC668F009A851C /* LaunchScreen.storyboard */,
				DD4BC67125CC668F009A851C /* Assets.xcassets */,
			);
			path = "Js Drinks";
			sourceTree = "<group>";
		};
		DD4BC68A25CC67FA009A851C /* Model */ = {
			isa = PBXGroup;
			children = (
			);
			path = Model;
			sourceTree = "<group>";
		};
		DD4BC68B25CC6801009A851C /* View */ = {
			isa = PBXGroup;
			children = (
			);
			path = View;
			sourceTree = "<group>";
		};
		DD4BC68C25CC6807009A851C /* Controller */ = {
			isa = PBXGroup;
			children = (
				DD4BC66C25CC668B009A851C /* ViewController.swift */,
				DD4BC69D25CC75A8009A851C /* DrinksListingTableViewController.swift */,
			);
			path = Controller;
			sourceTree = "<group>";
		};
		DD4BC68D25CC6823009A851C /* Data */ = {
			isa = PBXGroup;
			children = (
				DD4BC68125CC673D009A851C /* API.swift */,
				DD4BC67D25CC66B9009A851C /* Drink.swift */,
			);
			path = Data;
			sourceTree = "<group>";
		};
/* End PBXGroup section */

/* Begin PBXNativeTarget section */
		DD4BC66425CC668B009A851C /* Js Drinks */ = {
			isa = PBXNativeTarget;
			buildConfigurationList = DD4BC67925CC668F009A851C /* Build configuration list for PBXNativeTarget "Js Drinks" */;
			buildPhases = (
				DD4BC66125CC668B009A851C /* Sources */,
				DD4BC66225CC668B009A851C /* Frameworks */,
				DD4BC66325CC668B009A851C /* Resources */,
			);
			buildRules = (
			);
			dependencies = (
			);
			name = "Js Drinks";
			productName = "Js Drinks";
			productReference = DD4BC66525CC668B009A851C /* Js Drinks.app */;
			productType = "com.apple.product-type.application";
		};
/* End PBXNativeTarget section */

/* Begin PBXProject section */
		DD4BC65D25CC668B009A851C /* Project object */ = {
			isa = PBXProject;
			attributes = {
				LastSwiftUpdateCheck = 1210;
				LastUpgradeCheck = 1210;
				TargetAttributes = {
					DD4BC66425CC668B009A851C = {
						CreatedOnToolsVersion = 12.1;
					};
				};
			};
			buildConfigurationList = DD4BC66025CC668B009A851C /* Build configuration list for PBXProject "Js Drinks" */;
			compatibilityVersion = "Xcode 9.3";
			developmentRegion = en;
			hasScannedForEncodings = 0;
			knownRegions = (
				en,
				Base,
			);
			mainGroup = DD4BC65C25CC668B009A851C;
			productRefGroup = DD4BC66625CC668B009A851C /* Products */;
			projectDirPath = "";
			projectRoot = "";
			targets = (
				DD4BC66425CC668B009A851C /* Js Drinks */,
			);
		};
/* End PBXProject section */

/* Begin PBXResourcesBuildPhase section */
		DD4BC66325CC668B009A851C /* Resources */ = {
			isa = PBXResourcesBuildPhase;
			buildActionMask = 2147483647;
			files = (
				DD4BC67525CC668F009A851C /* LaunchScreen.storyboard in Resources */,
				DD4BC67225CC668F009A851C /* Assets.xcassets in Resources */,
				DD4BC67025CC668B009A851C /* Main.storyboard in Resources */,
			);
			runOnlyForDeploymentPostprocessing = 0;
		};
/* End PBXResourcesBuildPhase section */

/* Begin PBXSourcesBuildPhase section */
		DD4BC66125CC668B009A851C /* Sources */ = {
			isa = PBXSourcesBuildPhase;
			buildActionMask = 2147483647;
			files = (
				DD4BC66D25CC668B009A851C /* ViewController.swift in Sources */,
				DD4BC66925CC668B009A851C /* AppDelegate.swift in Sources */,
				DD4BC67E25CC66B9009A851C /* Drink.swift in Sources */,
				DD4BC68225CC673D009A851C /* API.swift in Sources */,
				DD4BC69E25CC75A8009A851C /* DrinksListingTableViewController.swift in Sources */,
			);
			runOnlyForDeploymentPostprocessing = 0;
		};
/* End PBXSourcesBuildPhase section */

/* Begin PBXVariantGroup section */
		DD4BC66E25CC668B009A851C /* Main.storyboard */ = {
			isa = PBXVariantGroup;
			children = (
				DD4BC66F25CC668B009A851C /* Base */,
			);
			name = Main.storyboard;
			sourceTree = "<group>";
		};
		DD4BC67325CC668F009A851C /* LaunchScreen.storyboard */ = {
			isa = PBXVariantGroup;
			children = (
				DD4BC67425CC668F009A851C /* Base */,
			);
			name = LaunchScreen.storyboard;
			sourceTree = "<group>";
		};
/* End PBXVariantGroup section */

/* Begin XCBuildConfiguration section */
		DD4BC67725CC668F009A851C /* Debug */ = {
			isa = XCBuildConfiguration;
			buildSettings = {
				ALWAYS_SEARCH_USER_PATHS = NO;
				CLANG_ANALYZER_NONNULL = YES;
				CLANG_ANALYZER_NUMBER_OBJECT_CONVERSION = YES_AGGRESSIVE;
				CLANG_CXX_LANGUAGE_STANDARD = "gnu++14";
				CLANG_CXX_LIBRARY = "libc++";
				CLANG_ENABLE_MODULES = YES;
				CLANG_ENABLE_OBJC_ARC = YES;
				CLANG_ENABLE_OBJC_WEAK = YES;
				CLANG_WARN_BLOCK_CAPTURE_AUTORELEASING = YES;
				CLANG_WARN_BOOL_CONVERSION = YES;
				CLANG_WARN_COMMA = YES;
				CLANG_WARN_CONSTANT_CONVERSION = YES;
				CLANG_WARN_DEPRECATED_OBJC_IMPLEMENTATIONS = YES;
				CLANG_WARN_DIRECT_OBJC_ISA_USAGE = YES_ERROR;
				CLANG_WARN_DOCUMENTATION_COMMENTS = YES;
				CLANG_WARN_EMPTY_BODY = YES;
				CLANG_WARN_ENUM_CONVERSION = YES;
				CLANG_WARN_INFINITE_RECURSION = YES;
				CLANG_WARN_INT_CONVERSION = YES;
				CLANG_WARN_NON_LITERAL_NULL_CONVERSION = YES;
				CLANG_WARN_OBJC_IMPLICIT_RETAIN_SELF = YES;
				CLANG_WARN_OBJC_LITERAL_CONVERSION = YES;
				CLANG_WARN_OBJC_ROOT_CLASS = YES_ERROR;
				CLANG_WARN_QUOTED_INCLUDE_IN_FRAMEWORK_HEADER = YES;
				CLANG_WARN_RANGE_LOOP_ANALYSIS = YES;
				CLANG_WARN_STRICT_PROTOTYPES = YES;
				CLANG_WARN_SUSPICIOUS_MOVE = YES;
				CLANG_WARN_UNGUARDED_AVAILABILITY = YES_AGGRESSIVE;
				CLANG_WARN_UNREACHABLE_CODE = YES;
				CLANG_WARN__DUPLICATE_METHOD_MATCH = YES;
				COPY_PHASE_STRIP = NO;
				DEBUG_INFORMATION_FORMAT = dwarf;
				ENABLE_STRICT_OBJC_MSGSEND = YES;
				ENABLE_TESTABILITY = YES;
				GCC_C_LANGUAGE_STANDARD = gnu11;
				GCC_DYNAMIC_NO_PIC = NO;
				GCC_NO_COMMON_BLOCKS = YES;
				GCC_OPTIMIZATION_LEVEL = 0;
				GCC_PREPROCESSOR_DEFINITIONS = (
					"DEBUG=1",
					"$(inherited)",
				);
				GCC_WARN_64_TO_32_BIT_CONVERSION = YES;
				GCC_WARN_ABOUT_RETURN_TYPE = YES_ERROR;
				GCC_WARN_UNDECLARED_SELECTOR = YES;
				GCC_WARN_UNINITIALIZED_AUTOS = YES_AGGRESSIVE;
				GCC_WARN_UNUSED_FUNCTION = YES;
				GCC_WARN_UNUSED_VARIABLE = YES;
				IPHONEOS_DEPLOYMENT_TARGET = 14.1;
				MTL_ENABLE_DEBUG_INFO = INCLUDE_SOURCE;
				MTL_FAST_MATH = YES;
				ONLY_ACTIVE_ARCH = YES;
				SDKROOT = iphoneos;
				SWIFT_ACTIVE_COMPILATION_CONDITIONS = DEBUG;
				SWIFT_OPTIMIZATION_LEVEL = "-Onone";
			};
			name = Debug;
		};
		DD4BC67825CC668F009A851C /* Release */ = {
			isa = XCBuildConfiguration;
			buildSettings = {
				ALWAYS_SEARCH_USER_PATHS = NO;
				CLANG_ANALYZER_NONNULL = YES;
				CLANG_ANALYZER_NUMBER_OBJECT_CONVERSION = YES_AGGRESSIVE;
				CLANG_CXX_LANGUAGE_STANDARD = "gnu++14";
				CLANG_CXX_LIBRARY = "libc++";
				CLANG_ENABLE_MODULES = YES;
				CLANG_ENABLE_OBJC_ARC = YES;
				CLANG_ENABLE_OBJC_WEAK = YES;
				CLANG_WARN_BLOCK_CAPTURE_AUTORELEASING = YES;
				CLANG_WARN_BOOL_CONVERSION = YES;
				CLANG_WARN_COMMA = YES;
				CLANG_WARN_CONSTANT_CONVERSION = YES;
				CLANG_WARN_DEPRECATED_OBJC_IMPLEMENTATIONS = YES;
				CLANG_WARN_DIRECT_OBJC_ISA_USAGE = YES_ERROR;
				CLANG_WARN_DOCUMENTATION_COMMENTS = YES;
				CLANG_WARN_EMPTY_BODY = YES;
				CLANG_WARN_ENUM_CONVERSION = YES;
				CLANG_WARN_INFINITE_RECURSION = YES;
				CLANG_WARN_INT_CONVERSION = YES;
				CLANG_WARN_NON_LITERAL_NULL_CONVERSION = YES;
				CLANG_WARN_OBJC_IMPLICIT_RETAIN_SELF = YES;
				CLANG_WARN_OBJC_LITERAL_CONVERSION = YES;
				CLANG_WARN_OBJC_ROOT_CLASS = YES_ERROR;
				CLANG_WARN_QUOTED_INCLUDE_IN_FRAMEWORK_HEADER = YES;
				CLANG_WARN_RANGE_LOOP_ANALYSIS = YES;
				CLANG_WARN_STRICT_PROTOTYPES = YES;
				CLANG_WARN_SUSPICIOUS_MOVE = YES;
				CLANG_WARN_UNGUARDED_AVAILABILITY = YES_AGGRESSIVE;
				CLANG_WARN_UNREACHABLE_CODE = YES;
				CLANG_WARN__DUPLICATE_METHOD_MATCH = YES;
				COPY_PHASE_STRIP = NO;
				DEBUG_INFORMATION_FORMAT = "dwarf-with-dsym";
				ENABLE_NS_ASSERTIONS = NO;
				ENABLE_STRICT_OBJC_MSGSEND = YES;
				GCC_C_LANGUAGE_STANDARD = gnu11;
				GCC_NO_COMMON_BLOCKS = YES;
				GCC_WARN_64_TO_32_BIT_CONVERSION = YES;
				GCC_WARN_ABOUT_RETURN_TYPE = YES_ERROR;
				GCC_WARN_UNDECLARED_SELECTOR = YES;
				GCC_WARN_UNINITIALIZED_AUTOS = YES_AGGRESSIVE;
				GCC_WARN_UNUSED_FUNCTION = YES;
				GCC_WARN_UNUSED_VARIABLE = YES;
				IPHONEOS_DEPLOYMENT_TARGET = 14.1;
				MTL_ENABLE_DEBUG_INFO = NO;
				MTL_FAST_MATH = YES;
				SDKROOT = iphoneos;
				SWIFT_COMPILATION_MODE = wholemodule;
				SWIFT_OPTIMIZATION_LEVEL = "-O";
				VALIDATE_PRODUCT = YES;
			};
			name = Release;
		};
		DD4BC67A25CC668F009A851C /* Debug */ = {
			isa = XCBuildConfiguration;
			buildSettings = {
				ASSETCATALOG_COMPILER_APPICON_NAME = AppIcon;
				ASSETCATALOG_COMPILER_GLOBAL_ACCENT_COLOR_NAME = AccentColor;
				CODE_SIGN_STYLE = Automatic;
				DEVELOPMENT_TEAM = ZWJA3T6F9T;
				INFOPLIST_FILE = "Js Drinks/Info.plist";
				LD_RUNPATH_SEARCH_PATHS = (
					"$(inherited)",
					"@executable_path/Frameworks",
				);
				PRODUCT_BUNDLE_IDENTIFIER = "com.js.info.Js-Drinks";
				PRODUCT_NAME = "$(TARGET_NAME)";
				SWIFT_VERSION = 5.0;
				TARGETED_DEVICE_FAMILY = "1,2";
			};
			name = Debug;
		};
		DD4BC67B25CC668F009A851C /* Release */ = {
			isa = XCBuildConfiguration;
			buildSettings = {
				ASSETCATALOG_COMPILER_APPICON_NAME = AppIcon;
				ASSETCATALOG_COMPILER_GLOBAL_ACCENT_COLOR_NAME = AccentColor;
				CODE_SIGN_STYLE = Automatic;
				DEVELOPMENT_TEAM = ZWJA3T6F9T;
				INFOPLIST_FILE = "Js Drinks/Info.plist";
				LD_RUNPATH_SEARCH_PATHS = (
					"$(inherited)",
					"@executable_path/Frameworks",
				);
				PRODUCT_BUNDLE_IDENTIFIER = "com.js.info.Js-Drinks";
				PRODUCT_NAME = "$(TARGET_NAME)";
				SWIFT_VERSION = 5.0;
				TARGETED_DEVICE_FAMILY = "1,2";
			};
			name = Release;
		};
/* End XCBuildConfiguration section */

/* Begin XCConfigurationList section */
		DD4BC66025CC668B009A851C /* Build configuration list for PBXProject "Js Drinks" */ = {
			isa = XCConfigurationList;
			buildConfigurations = (
				DD4BC67725CC668F009A851C /* Debug */,
				DD4BC67825CC668F009A851C /* Release */,
			);
			defaultConfigurationIsVisible = 0;
			defaultConfigurationName = Release;
		};
		DD4BC67925CC668F009A851C /* Build configuration list for PBXNativeTarget "Js Drinks" */ = {
			isa = XCConfigurationList;
			buildConfigurations = (
				DD4BC67A25CC668F009A851C /* Debug */,
				DD4BC67B25CC668F009A851C /* Release */,
			);
			defaultConfigurationIsVisible = 0;
			defaultConfigurationName = Release;
		};
/* End XCConfigurationList section */
	};
	rootObject = DD4BC65D25CC668B009A851C /* Project object */;
}
