// !$*UTF8*$!
{
	archiveVersion = 1;
	classes = {
	};
	objectVersion = 52;
	objects = {

/* Begin PBXBuildFile section */
		93768FC308BB80791CFB36C4 /* Pods_Js_Drinks.framework in Frameworks */ = {isa = PBXBuildFile; fileRef = B2E724078DCB6D6272971A82 /* Pods_Js_Drinks.framework */; };
		B6877D9627BCB71A00C2AFF3 /* Kingfisher in Frameworks */ = {isa = PBXBuildFile; productRef = B6877D9527BCB71A00C2AFF3 /* Kingfisher */; };
		DD4BC66925CC668B009A851C /* AppDelegate.swift in Sources */ = {isa = PBXBuildFile; fileRef = DD4BC66825CC668B009A851C /* AppDelegate.swift */; };
		DD4BC66D25CC668B009A851C /* ProductViewController.swift in Sources */ = {isa = PBXBuildFile; fileRef = DD4BC66C25CC668B009A851C /* ProductViewController.swift */; };
		DD4BC67025CC668B009A851C /* Main.storyboard in Resources */ = {isa = PBXBuildFile; fileRef = DD4BC66E25CC668B009A851C /* Main.storyboard */; };
		DD4BC67225CC668F009A851C /* Assets.xcassets in Resources */ = {isa = PBXBuildFile; fileRef = DD4BC67125CC668F009A851C /* Assets.xcassets */; };
		DD4BC67525CC668F009A851C /* LaunchScreen.storyboard in Resources */ = {isa = PBXBuildFile; fileRef = DD4BC67325CC668F009A851C /* LaunchScreen.storyboard */; };
		DD4BC67E25CC66B9009A851C /* Drink.swift in Sources */ = {isa = PBXBuildFile; fileRef = DD4BC67D25CC66B9009A851C /* Drink.swift */; };
		DD4BC68225CC673D009A851C /* API.swift in Sources */ = {isa = PBXBuildFile; fileRef = DD4BC68125CC673D009A851C /* API.swift */; };
		DD4BC69E25CC75A8009A851C /* DrinksListingTableViewController.swift in Sources */ = {isa = PBXBuildFile; fileRef = DD4BC69D25CC75A8009A851C /* DrinksListingTableViewController.swift */; };
		DD79FC4625F33ABA00CABAE1 /* BeerTableViewCell.swift in Sources */ = {isa = PBXBuildFile; fileRef = DD79FC4525F33ABA00CABAE1 /* BeerTableViewCell.swift */; };
/* End PBXBuildFile section */

/* Begin PBXFileReference section */
		1EFA3285FBB4D8006B1A9600 /* Pods-Js Drinks.release.xcconfig */ = {isa = PBXFileReference; includeInIndex = 1; lastKnownFileType = text.xcconfig; name = "Pods-Js Drinks.release.xcconfig"; path = "Target Support Files/Pods-Js Drinks/Pods-Js Drinks.release.xcconfig"; sourceTree = "<group>"; };
		7C033D4C83EF25EBD7F52CEA /* Pods-Js Drinks.debug.xcconfig */ = {isa = PBXFileReference; includeInIndex = 1; lastKnownFileType = text.xcconfig; name = "Pods-Js Drinks.debug.xcconfig"; path = "Target Support Files/Pods-Js Drinks/Pods-Js Drinks.debug.xcconfig"; sourceTree = "<group>"; };
		B2E724078DCB6D6272971A82 /* Pods_Js_Drinks.framework */ = {isa = PBXFileReference; explicitFileType = wrapper.framework; includeInIndex = 0; path = Pods_Js_Drinks.framework; sourceTree = BUILT_PRODUCTS_DIR; };
		DD4BC66525CC668B009A851C /* Js Drinks.app */ = {isa = PBXFileReference; explicitFileType = wrapper.application; includeInIndex = 0; path = "Js Drinks.app"; sourceTree = BUILT_PRODUCTS_DIR; };
		DD4BC66825CC668B009A851C /* AppDelegate.swift */ = {isa = PBXFileReference; lastKnownFileType = sourcecode.swift; path = AppDelegate.swift; sourceTree = "<group>"; };
		DD4BC66C25CC668B009A851C /* ProductViewController.swift */ = {isa = PBXFileReference; lastKnownFileType = sourcecode.swift; path = ProductViewController.swift; sourceTree = "<group>"; };
		DD4BC66F25CC668B009A851C /* Base */ = {isa = PBXFileReference; lastKnownFileType = file.storyboard; name = Base; path = Base.lproj/Main.storyboard; sourceTree = "<group>"; };
		DD4BC67125CC668F009A851C /* Assets.xcassets */ = {isa = PBXFileReference; lastKnownFileType = folder.assetcatalog; path = Assets.xcassets; sourceTree = "<group>"; };
		DD4BC67425CC668F009A851C /* Base */ = {isa = PBXFileReference; lastKnownFileType = file.storyboard; name = Base; path = Base.lproj/LaunchScreen.storyboard; sourceTree = "<group>"; };
		DD4BC67625CC668F009A851C /* Info.plist */ = {isa = PBXFileReference; lastKnownFileType = text.plist.xml; path = Info.plist; sourceTree = "<group>"; };
		DD4BC67D25CC66B9009A851C /* Drink.swift */ = {isa = PBXFileReference; lastKnownFileType = sourcecode.swift; path = Drink.swift; sourceTree = "<group>"; };
		DD4BC68125CC673D009A851C /* API.swift */ = {isa = PBXFileReference; lastKnownFileType = sourcecode.swift; path = API.swift; sourceTree = "<group>"; };
		DD4BC69D25CC75A8009A851C /* DrinksListingTableViewController.swift */ = {isa = PBXFileReference; lastKnownFileType = sourcecode.swift; path = DrinksListingTableViewController.swift; sourceTree = "<group>"; };
		DD79FC4525F33ABA00CABAE1 /* BeerTableViewCell.swift */ = {isa = PBXFileReference; lastKnownFileType = sourcecode.swift; path = BeerTableViewCell.swift; sourceTree = "<group>"; };
/* End PBXFileReference section */

/* Begin PBXFrameworksBuildPhase section */
		DD4BC66225CC668B009A851C /* Frameworks */ = {
			isa = PBXFrameworksBuildPhase;
			buildActionMask = 2147483647;
			files = (
				B6877D9627BCB71A00C2AFF3 /* Kingfisher in Frameworks */,
				93768FC308BB80791CFB36C4 /* Pods_Js_Drinks.framework in Frameworks */,
			);
			runOnlyForDeploymentPostprocessing = 0;
		};
/* End PBXFrameworksBuildPhase section */

/* Begin PBXGroup section */
		4060D2E20D06F87AE97E2257 /* Frameworks */ = {
			isa = PBXGroup;
			children = (
				B2E724078DCB6D6272971A82 /* Pods_Js_Drinks.framework */,
			);
			name = Frameworks;
			sourceTree = "<group>";
		};
		B659881027BDDFAD0066D5D8 /* DetailsBeers */ = {
			isa = PBXGroup;
			children = (
				B659881327BDDFDF0066D5D8 /* Controller */,
				B659881227BDDFD10066D5D8 /* Model */,
				B659881127BDDFC70066D5D8 /* View */,
			);
			path = DetailsBeers;
			sourceTree = "<group>";
		};
		B659881127BDDFC70066D5D8 /* View */ = {
			isa = PBXGroup;
			children = (
			);
			path = View;
			sourceTree = "<group>";
		};
		B659881227BDDFD10066D5D8 /* Model */ = {
			isa = PBXGroup;
			children = (
			);
			path = Model;
			sourceTree = "<group>";
		};
		B659881327BDDFDF0066D5D8 /* Controller */ = {
			isa = PBXGroup;
			children = (
				DD4BC66C25CC668B009A851C /* ProductViewController.swift */,
			);
			path = Controller;
			sourceTree = "<group>";
		};
		DD4BC65C25CC668B009A851C = {
			isa = PBXGroup;
			children = (
				DD4BC66725CC668B009A851C /* Js Drinks */,
				DD4BC66625CC668B009A851C /* Products */,
				ED4A3829F889C8727843ABB9 /* Pods */,
				4060D2E20D06F87AE97E2257 /* Frameworks */,
			);
			sourceTree = "<group>";
		};
		DD4BC66625CC668B009A851C /* Products */ = {
			isa = PBXGroup;
			children = (
				DD4BC66525CC668B009A851C /* Js Drinks.app */,
			);
			name = Products;
			sourceTree = "<group>";
		};
		DD4BC66725CC668B009A851C /* Js Drinks */ = {
			isa = PBXGroup;
			children = (
				DD626B6C25EDC7CA0010EDCF /* Main */,
				DD626B6725EDC2ED0010EDCF /* ListiningBeers */,
				B659881027BDDFAD0066D5D8 /* DetailsBeers */,
				DD4BC67325CC668F009A851C /* LaunchScreen.storyboard */,
				DD4BC67625CC668F009A851C /* Info.plist */,
				DD4BC67125CC668F009A851C /* Assets.xcassets */,
			);
			path = "Js Drinks";
			sourceTree = "<group>";
		};
		DD4BC68A25CC67FA009A851C /* Model */ = {
			isa = PBXGroup;
			children = (
				DD79FC4525F33ABA00CABAE1 /* BeerTableViewCell.swift */,
			);
			name = Model;
			path = ../Model;
			sourceTree = "<group>";
		};
		DD626B6725EDC2ED0010EDCF /* ListiningBeers */ = {
			isa = PBXGroup;
			children = (
				DD4BC68A25CC67FA009A851C /* Model */,
				DD626B6A25EDC7960010EDCF /* View */,
				DD626B6B25EDC79C0010EDCF /* Controller */,
				DD6422EB2626832400ED69DE /* API */,
			);
			path = ListiningBeers;
			sourceTree = "<group>";
		};
		DD626B6925EDC78F0010EDCF /* Model */ = {
			isa = PBXGroup;
			children = (
				DD4BC68125CC673D009A851C /* API.swift */,
				DD4BC67D25CC66B9009A851C /* Drink.swift */,
			);
			path = Model;
			sourceTree = "<group>";
		};
		DD626B6A25EDC7960010EDCF /* View */ = {
			isa = PBXGroup;
			children = (
				DD4BC66E25CC668B009A851C /* Main.storyboard */,
			);
			path = View;
			sourceTree = "<group>";
		};
		DD626B6B25EDC79C0010EDCF /* Controller */ = {
			isa = PBXGroup;
			children = (
				DD4BC69D25CC75A8009A851C /* DrinksListingTableViewController.swift */,
			);
			path = Controller;
			sourceTree = "<group>";
		};
		DD626B6C25EDC7CA0010EDCF /* Main */ = {
			isa = PBXGroup;
			children = (
				DD4BC66825CC668B009A851C /* AppDelegate.swift */,
			);
			path = Main;
			sourceTree = "<group>";
		};
		DD6422EB2626832400ED69DE /* API */ = {
			isa = PBXGroup;
			children = (
				DD626B6925EDC78F0010EDCF /* Model */,
			);
			path = API;
			sourceTree = "<group>";
		};
		ED4A3829F889C8727843ABB9 /* Pods */ = {
			isa = PBXGroup;
			children = (
				7C033D4C83EF25EBD7F52CEA /* Pods-Js Drinks.debug.xcconfig */,
				1EFA3285FBB4D8006B1A9600 /* Pods-Js Drinks.release.xcconfig */,
			);
			path = Pods;
			sourceTree = "<group>";
		};
/* End PBXGroup section */

/* Begin PBXNativeTarget section */
		DD4BC66425CC668B009A851C /* Js Drinks */ = {
			isa = PBXNativeTarget;
			buildConfigurationList = DD4BC67925CC668F009A851C /* Build configuration list for PBXNativeTarget "Js Drinks" */;
			buildPhases = (
				05FED45E95F7A1DC7D7895FB /* [CP] Check Pods Manifest.lock */,
				DD4BC66125CC668B009A851C /* Sources */,
				DD4BC66225CC668B009A851C /* Frameworks */,
				DD4BC66325CC668B009A851C /* Resources */,
				7407E3F44908B2DC5BEC2849 /* [CP] Embed Pods Frameworks */,
			);
			buildRules = (
			);
			dependencies = (
			);
			name = "Js Drinks";
			packageProductDependencies = (
				B6877D9527BCB71A00C2AFF3 /* Kingfisher */,
			);
			productName = "Js Drinks";
			productReference = DD4BC66525CC668B009A851C /* Js Drinks.app */;
			productType = "com.apple.product-type.application";
		};
/* End PBXNativeTarget section */

/* Begin PBXProject section */
		DD4BC65D25CC668B009A851C /* Project object */ = {
			isa = PBXProject;
			attributes = {
				LastSwiftUpdateCheck = 1210;
				LastUpgradeCheck = 1210;
				TargetAttributes = {
					DD4BC66425CC668B009A851C = {
						CreatedOnToolsVersion = 12.1;
					};
				};
			};
			buildConfigurationList = DD4BC66025CC668B009A851C /* Build configuration list for PBXProject "Js Drinks" */;
			compatibilityVersion = "Xcode 9.3";
			developmentRegion = en;
			hasScannedForEncodings = 0;
			knownRegions = (
				en,
				Base,
			);
			mainGroup = DD4BC65C25CC668B009A851C;
			packageReferences = (
				B6877D9427BCB71A00C2AFF3 /* XCRemoteSwiftPackageReference "Kingfisher" */,
			);
			productRefGroup = DD4BC66625CC668B009A851C /* Products */;
			projectDirPath = "";
			projectRoot = "";
			targets = (
				DD4BC66425CC668B009A851C /* Js Drinks */,
			);
		};
/* End PBXProject section */

/* Begin PBXResourcesBuildPhase section */
		DD4BC66325CC668B009A851C /* Resources */ = {
			isa = PBXResourcesBuildPhase;
			buildActionMask = 2147483647;
			files = (
				DD4BC67525CC668F009A851C /* LaunchScreen.storyboard in Resources */,
				DD4BC67225CC668F009A851C /* Assets.xcassets in Resources */,
				DD4BC67025CC668B009A851C /* Main.storyboard in Resources */,
			);
			runOnlyForDeploymentPostprocessing = 0;
		};
/* End PBXResourcesBuildPhase section */

/* Begin PBXShellScriptBuildPhase section */
		05FED45E95F7A1DC7D7895FB /* [CP] Check Pods Manifest.lock */ = {
			isa = PBXShellScriptBuildPhase;
			buildActionMask = 2147483647;
			files = (
			);
			inputFileListPaths = (
			);
			inputPaths = (
				"${PODS_PODFILE_DIR_PATH}/Podfile.lock",
				"${PODS_ROOT}/Manifest.lock",
			);
			name = "[CP] Check Pods Manifest.lock";
			outputFileListPaths = (
			);
			outputPaths = (
				"$(DERIVED_FILE_DIR)/Pods-Js Drinks-checkManifestLockResult.txt",
			);
			runOnlyForDeploymentPostprocessing = 0;
			shellPath = /bin/sh;
			shellScript = "diff \"${PODS_PODFILE_DIR_PATH}/Podfile.lock\" \"${PODS_ROOT}/Manifest.lock\" > /dev/null\nif [ $? != 0 ] ; then\n    # print error to STDERR\n    echo \"error: The sandbox is not in sync with the Podfile.lock. Run 'pod install' or update your CocoaPods installation.\" >&2\n    exit 1\nfi\n# This output is used by Xcode 'outputs' to avoid re-running this script phase.\necho \"SUCCESS\" > \"${SCRIPT_OUTPUT_FILE_0}\"\n";
			showEnvVarsInLog = 0;
		};
		7407E3F44908B2DC5BEC2849 /* [CP] Embed Pods Frameworks */ = {
			isa = PBXShellScriptBuildPhase;
			buildActionMask = 2147483647;
			files = (
			);
			inputFileListPaths = (
				"${PODS_ROOT}/Target Support Files/Pods-Js Drinks/Pods-Js Drinks-frameworks-${CONFIGURATION}-input-files.xcfilelist",
			);
			name = "[CP] Embed Pods Frameworks";
			outputFileListPaths = (
				"${PODS_ROOT}/Target Support Files/Pods-Js Drinks/Pods-Js Drinks-frameworks-${CONFIGURATION}-output-files.xcfilelist",
			);
			runOnlyForDeploymentPostprocessing = 0;
			shellPath = /bin/sh;
			shellScript = "\"${PODS_ROOT}/Target Support Files/Pods-Js Drinks/Pods-Js Drinks-frameworks.sh\"\n";
			showEnvVarsInLog = 0;
		};
/* End PBXShellScriptBuildPhase section */

/* Begin PBXSourcesBuildPhase section */
		DD4BC66125CC668B009A851C /* Sources */ = {
			isa = PBXSourcesBuildPhase;
			buildActionMask = 2147483647;
			files = (
				DD4BC66D25CC668B009A851C /* ProductViewController.swift in Sources */,
				DD79FC4625F33ABA00CABAE1 /* BeerTableViewCell.swift in Sources */,
				DD4BC66925CC668B009A851C /* AppDelegate.swift in Sources */,
				DD4BC67E25CC66B9009A851C /* Drink.swift in Sources */,
				DD4BC68225CC673D009A851C /* API.swift in Sources */,
				DD4BC69E25CC75A8009A851C /* DrinksListingTableViewController.swift in Sources */,
			);
			runOnlyForDeploymentPostprocessing = 0;
		};
/* End PBXSourcesBuildPhase section */

/* Begin PBXVariantGroup section */
		DD4BC66E25CC668B009A851C /* Main.storyboard */ = {
			isa = PBXVariantGroup;
			children = (
				DD4BC66F25CC668B009A851C /* Base */,
			);
			name = Main.storyboard;
			sourceTree = "<group>";
		};
		DD4BC67325CC668F009A851C /* LaunchScreen.storyboard */ = {
			isa = PBXVariantGroup;
			children = (
				DD4BC67425CC668F009A851C /* Base */,
			);
			name = LaunchScreen.storyboard;
			sourceTree = "<group>";
		};
/* End PBXVariantGroup section */

/* Begin XCBuildConfiguration section */
		DD4BC67725CC668F009A851C /* Debug */ = {
			isa = XCBuildConfiguration;
			buildSettings = {
				ALWAYS_SEARCH_USER_PATHS = NO;
				CLANG_ANALYZER_NONNULL = YES;
				CLANG_ANALYZER_NUMBER_OBJECT_CONVERSION = YES_AGGRESSIVE;
				CLANG_CXX_LANGUAGE_STANDARD = "gnu++14";
				CLANG_CXX_LIBRARY = "libc++";
				CLANG_ENABLE_MODULES = YES;
				CLANG_ENABLE_OBJC_ARC = YES;
				CLANG_ENABLE_OBJC_WEAK = YES;
				CLANG_WARN_BLOCK_CAPTURE_AUTORELEASING = YES;
				CLANG_WARN_BOOL_CONVERSION = YES;
				CLANG_WARN_COMMA = YES;
				CLANG_WARN_CONSTANT_CONVERSION = YES;
				CLANG_WARN_DEPRECATED_OBJC_IMPLEMENTATIONS = YES;
				CLANG_WARN_DIRECT_OBJC_ISA_USAGE = YES_ERROR;
				CLANG_WARN_DOCUMENTATION_COMMENTS = YES;
				CLANG_WARN_EMPTY_BODY = YES;
				CLANG_WARN_ENUM_CONVERSION = YES;
				CLANG_WARN_INFINITE_RECURSION = YES;
				CLANG_WARN_INT_CONVERSION = YES;
				CLANG_WARN_NON_LITERAL_NULL_CONVERSION = YES;
				CLANG_WARN_OBJC_IMPLICIT_RETAIN_SELF = YES;
				CLANG_WARN_OBJC_LITERAL_CONVERSION = YES;
				CLANG_WARN_OBJC_ROOT_CLASS = YES_ERROR;
				CLANG_WARN_QUOTED_INCLUDE_IN_FRAMEWORK_HEADER = YES;
				CLANG_WARN_RANGE_LOOP_ANALYSIS = YES;
				CLANG_WARN_STRICT_PROTOTYPES = YES;
				CLANG_WARN_SUSPICIOUS_MOVE = YES;
				CLANG_WARN_UNGUARDED_AVAILABILITY = YES_AGGRESSIVE;
				CLANG_WARN_UNREACHABLE_CODE = YES;
				CLANG_WARN__DUPLICATE_METHOD_MATCH = YES;
				COPY_PHASE_STRIP = NO;
				DEBUG_INFORMATION_FORMAT = dwarf;
				ENABLE_STRICT_OBJC_MSGSEND = YES;
				ENABLE_TESTABILITY = YES;
				GCC_C_LANGUAGE_STANDARD = gnu11;
				GCC_DYNAMIC_NO_PIC = NO;
				GCC_NO_COMMON_BLOCKS = YES;
				GCC_OPTIMIZATION_LEVEL = 0;
				GCC_PREPROCESSOR_DEFINITIONS = (
					"DEBUG=1",
					"$(inherited)",
				);
				GCC_WARN_64_TO_32_BIT_CONVERSION = YES;
				GCC_WARN_ABOUT_RETURN_TYPE = YES_ERROR;
				GCC_WARN_UNDECLARED_SELECTOR = YES;
				GCC_WARN_UNINITIALIZED_AUTOS = YES_AGGRESSIVE;
				GCC_WARN_UNUSED_FUNCTION = YES;
				GCC_WARN_UNUSED_VARIABLE = YES;
				IPHONEOS_DEPLOYMENT_TARGET = 14.1;
				MTL_ENABLE_DEBUG_INFO = INCLUDE_SOURCE;
				MTL_FAST_MATH = YES;
				ONLY_ACTIVE_ARCH = YES;
				SDKROOT = iphoneos;
				SWIFT_ACTIVE_COMPILATION_CONDITIONS = DEBUG;
				SWIFT_OPTIMIZATION_LEVEL = "-Onone";
			};
			name = Debug;
		};
		DD4BC67825CC668F009A851C /* Release */ = {
			isa = XCBuildConfiguration;
			buildSettings = {
				ALWAYS_SEARCH_USER_PATHS = NO;
				CLANG_ANALYZER_NONNULL = YES;
				CLANG_ANALYZER_NUMBER_OBJECT_CONVERSION = YES_AGGRESSIVE;
				CLANG_CXX_LANGUAGE_STANDARD = "gnu++14";
				CLANG_CXX_LIBRARY = "libc++";
				CLANG_ENABLE_MODULES = YES;
				CLANG_ENABLE_OBJC_ARC = YES;
				CLANG_ENABLE_OBJC_WEAK = YES;
				CLANG_WARN_BLOCK_CAPTURE_AUTORELEASING = YES;
				CLANG_WARN_BOOL_CONVERSION = YES;
				CLANG_WARN_COMMA = YES;
				CLANG_WARN_CONSTANT_CONVERSION = YES;
				CLANG_WARN_DEPRECATED_OBJC_IMPLEMENTATIONS = YES;
				CLANG_WARN_DIRECT_OBJC_ISA_USAGE = YES_ERROR;
				CLANG_WARN_DOCUMENTATION_COMMENTS = YES;
				CLANG_WARN_EMPTY_BODY = YES;
				CLANG_WARN_ENUM_CONVERSION = YES;
				CLANG_WARN_INFINITE_RECURSION = YES;
				CLANG_WARN_INT_CONVERSION = YES;
				CLANG_WARN_NON_LITERAL_NULL_CONVERSION = YES;
				CLANG_WARN_OBJC_IMPLICIT_RETAIN_SELF = YES;
				CLANG_WARN_OBJC_LITERAL_CONVERSION = YES;
				CLANG_WARN_OBJC_ROOT_CLASS = YES_ERROR;
				CLANG_WARN_QUOTED_INCLUDE_IN_FRAMEWORK_HEADER = YES;
				CLANG_WARN_RANGE_LOOP_ANALYSIS = YES;
				CLANG_WARN_STRICT_PROTOTYPES = YES;
				CLANG_WARN_SUSPICIOUS_MOVE = YES;
				CLANG_WARN_UNGUARDED_AVAILABILITY = YES_AGGRESSIVE;
				CLANG_WARN_UNREACHABLE_CODE = YES;
				CLANG_WARN__DUPLICATE_METHOD_MATCH = YES;
				COPY_PHASE_STRIP = NO;
				DEBUG_INFORMATION_FORMAT = "dwarf-with-dsym";
				ENABLE_NS_ASSERTIONS = NO;
				ENABLE_STRICT_OBJC_MSGSEND = YES;
				GCC_C_LANGUAGE_STANDARD = gnu11;
				GCC_NO_COMMON_BLOCKS = YES;
				GCC_WARN_64_TO_32_BIT_CONVERSION = YES;
				GCC_WARN_ABOUT_RETURN_TYPE = YES_ERROR;
				GCC_WARN_UNDECLARED_SELECTOR = YES;
				GCC_WARN_UNINITIALIZED_AUTOS = YES_AGGRESSIVE;
				GCC_WARN_UNUSED_FUNCTION = YES;
				GCC_WARN_UNUSED_VARIABLE = YES;
				IPHONEOS_DEPLOYMENT_TARGET = 14.1;
				MTL_ENABLE_DEBUG_INFO = NO;
				MTL_FAST_MATH = YES;
				SDKROOT = iphoneos;
				SWIFT_COMPILATION_MODE = wholemodule;
				SWIFT_OPTIMIZATION_LEVEL = "-O";
				VALIDATE_PRODUCT = YES;
			};
			name = Release;
		};
		DD4BC67A25CC668F009A851C /* Debug */ = {
			isa = XCBuildConfiguration;
			baseConfigurationReference = 7C033D4C83EF25EBD7F52CEA /* Pods-Js Drinks.debug.xcconfig */;
			buildSettings = {
				ASSETCATALOG_COMPILER_APPICON_NAME = AppIcon;
				ASSETCATALOG_COMPILER_GLOBAL_ACCENT_COLOR_NAME = AccentColor;
				CODE_SIGN_STYLE = Automatic;
				DEVELOPMENT_TEAM = ZWJA3T6F9T;
				INFOPLIST_FILE = "Js Drinks/Info.plist";
				LD_RUNPATH_SEARCH_PATHS = (
					"$(inherited)",
					"@executable_path/Frameworks",
				);
				PRODUCT_BUNDLE_IDENTIFIER = "com.js.info.Js-Drinks";
				PRODUCT_NAME = "$(TARGET_NAME)";
				SWIFT_VERSION = 5.0;
				TARGETED_DEVICE_FAMILY = "1,2";
			};
			name = Debug;
		};
		DD4BC67B25CC668F009A851C /* Release */ = {
			isa = XCBuildConfiguration;
			baseConfigurationReference = 1EFA3285FBB4D8006B1A9600 /* Pods-Js Drinks.release.xcconfig */;
			buildSettings = {
				ASSETCATALOG_COMPILER_APPICON_NAME = AppIcon;
				ASSETCATALOG_COMPILER_GLOBAL_ACCENT_COLOR_NAME = AccentColor;
				CODE_SIGN_STYLE = Automatic;
				DEVELOPMENT_TEAM = ZWJA3T6F9T;
				INFOPLIST_FILE = "Js Drinks/Info.plist";
				LD_RUNPATH_SEARCH_PATHS = (
					"$(inherited)",
					"@executable_path/Frameworks",
				);
				PRODUCT_BUNDLE_IDENTIFIER = "com.js.info.Js-Drinks";
				PRODUCT_NAME = "$(TARGET_NAME)";
				SWIFT_VERSION = 5.0;
				TARGETED_DEVICE_FAMILY = "1,2";
			};
			name = Release;
		};
/* End XCBuildConfiguration section */

/* Begin XCConfigurationList section */
		DD4BC66025CC668B009A851C /* Build configuration list for PBXProject "Js Drinks" */ = {
			isa = XCConfigurationList;
			buildConfigurations = (
				DD4BC67725CC668F009A851C /* Debug */,
				DD4BC67825CC668F009A851C /* Release */,
			);
			defaultConfigurationIsVisible = 0;
			defaultConfigurationName = Release;
		};
		DD4BC67925CC668F009A851C /* Build configuration list for PBXNativeTarget "Js Drinks" */ = {
			isa = XCConfigurationList;
			buildConfigurations = (
				DD4BC67A25CC668F009A851C /* Debug */,
				DD4BC67B25CC668F009A851C /* Release */,
			);
			defaultConfigurationIsVisible = 0;
			defaultConfigurationName = Release;
		};
/* End XCConfigurationList section */

/* Begin XCRemoteSwiftPackageReference section */
		B6877D9427BCB71A00C2AFF3 /* XCRemoteSwiftPackageReference "Kingfisher" */ = {
			isa = XCRemoteSwiftPackageReference;
			repositoryURL = "https://github.com/onevcat/Kingfisher.git";
			requirement = {
				kind = upToNextMajorVersion;
				minimumVersion = 7.0.0;
			};
		};
/* End XCRemoteSwiftPackageReference section */

/* Begin XCSwiftPackageProductDependency section */
		B6877D9527BCB71A00C2AFF3 /* Kingfisher */ = {
			isa = XCSwiftPackageProductDependency;
			package = B6877D9427BCB71A00C2AFF3 /* XCRemoteSwiftPackageReference "Kingfisher" */;
			productName = Kingfisher;
		};
/* End XCSwiftPackageProductDependency section */
	};
	rootObject = DD4BC65D25CC668B009A851C /* Project object */;
}
